{
  "requires": true,
  "lockfileVersion": 1,
  "dependencies": {
    "iconv-lite": {
      "version": "0.4.24",
      "resolved": "https://registry.npmjs.org/iconv-lite/-/iconv-lite-0.4.24.tgz",
      "integrity": "sha512-v3MXnZAcvnywkTUEZomIActle7RXXeedOR31wwl7VlyoXO4Qi9arvSenNQWne1TcRwhCL1HwLI21bEqdpj8/rA==",
      "requires": {
        "safer-buffer": "2.1.2"
      }
    },
    "safer-buffer": {
      "version": "2.1.2",
      "resolved": "https://registry.npmjs.org/safer-buffer/-/safer-buffer-2.1.2.tgz",
      "integrity": "sha512-YZo3K82SD7Riyi0E1EQPojLz7kpepnSQI9IyPbHHg1XXXevb5dJI7tpyN2ADxGcQbHG7vcyRHk0cbwqcQriUtg=="
    },
    "vm2": {
      "version": "3.9.2",
      "resolved": "https://registry.npmjs.org/vm2/-/vm2-3.9.2.tgz",
      "integrity": "sha512-nzyFmHdy2FMg7mYraRytc2jr4QBaUY3TEGe3q3bK8EgS9WC98wxn2jrPxS/ruWm+JGzrEIIeufKweQzVoQEd+Q=="
    }
  }
}
